
Microsoft Visual Studio Solution File, Format Version 12.00
# Visual Studio Version 17
VisualStudioVersion = 17.0.31919.166
MinimumVisualStudioVersion = 10.0.40219.1
Project("{9A19103F-16F7-4668-BE54-9A1E7A4F7556}") = "ECommerceProjectWithWebAPI", "ECommerceProjectWithWebAPI.csproj", "{AB1B10C9-7BC0-4453-9E2E-7B559F9055A2}"
EndProject
Global
	GlobalSection(SolutionConfigurationPlatforms) = preSolution
		Debug|Any CPU = Debug|Any CPU
		Release|Any CPU = Release|Any CPU
	EndGlobalSection
	GlobalSection(ProjectConfigurationPlatforms) = postSolution
		{AB1B10C9-7BC0-4453-9E2E-7B559F9055A2}.Debug|Any CPU.ActiveCfg = Debug|Any CPU
		{AB1B10C9-7BC0-4453-9E2E-7B559F9055A2}.Debug|Any CPU.Build.0 = Debug|Any CPU
		{AB1B10C9-7BC0-4453-9E2E-7B559F9055A2}.Release|Any CPU.ActiveCfg = Release|Any CPU
		{AB1B10C9-7BC0-4453-9E2E-7B559F9055A2}.Release|Any CPU.Build.0 = Release|Any CPU
	EndGlobalSection
	GlobalSection(SolutionProperties) = preSolution
		HideSolutionNode = FALSE
	EndGlobalSection
	GlobalSection(ExtensibilityGlobals) = postSolution
		SolutionGuid = {A86655A3-8B8B-4BE4-AF16-2E08B0546703}
	EndGlobalSection
EndGlobal
